
Microsoft Visual Studio Solution File, Format Version 12.00
# Visual Studio Version 16
VisualStudioVersion = 16.0.30717.126
MinimumVisualStudioVersion = 10.0.40219.1
Project("{9A19103F-16F7-4668-BE54-9A1E7A4F7556}") = "LPH.Api", "LPH_API\LPH.Api.csproj", "{C69BAC50-66EE-4A5F-BFE0-27B0D0556D74}"
EndProject
Project("{9A19103F-16F7-4668-BE54-9A1E7A4F7556}") = "LPH.Core", "LPH.Core\LPH.Core.csproj", "{8CF329C7-7C86-481B-955A-ABBD84EC9648}"
EndProject
Project("{9A19103F-16F7-4668-BE54-9A1E7A4F7556}") = "LPH.Infrastructure", "LPH.Infrastructure\LPH.Infrastructure.csproj", "{7216876D-A926-4809-8C1A-CF5A37254EBC}"
EndProject
Project("{9A19103F-16F7-4668-BE54-9A1E7A4F7556}") = "data", "data\data.csproj", "{F6073BAF-5D9E-4A3A-A8CD-AA69E89CE707}"
EndProject
Project("{9A19103F-16F7-4668-BE54-9A1E7A4F7556}") = "TestConexionDB", "TestConexionDB\TestConexionDB.csproj", "{3C2B9BED-1ED9-4F5B-8D49-19AD5B36A40B}"
EndProject
Global
	GlobalSection(SolutionConfigurationPlatforms) = preSolution
		Debug|Any CPU = Debug|Any CPU
		Release|Any CPU = Release|Any CPU
	EndGlobalSection
	GlobalSection(ProjectConfigurationPlatforms) = postSolution
		{C69BAC50-66EE-4A5F-BFE0-27B0D0556D74}.Debug|Any CPU.ActiveCfg = Debug|Any CPU
		{C69BAC50-66EE-4A5F-BFE0-27B0D0556D74}.Debug|Any CPU.Build.0 = Debug|Any CPU
		{C69BAC50-66EE-4A5F-BFE0-27B0D0556D74}.Release|Any CPU.ActiveCfg = Release|Any CPU
		{C69BAC50-66EE-4A5F-BFE0-27B0D0556D74}.Release|Any CPU.Build.0 = Release|Any CPU
		{8CF329C7-7C86-481B-955A-ABBD84EC9648}.Debug|Any CPU.ActiveCfg = Debug|Any CPU
		{8CF329C7-7C86-481B-955A-ABBD84EC9648}.Debug|Any CPU.Build.0 = Debug|Any CPU
		{8CF329C7-7C86-481B-955A-ABBD84EC9648}.Release|Any CPU.ActiveCfg = Release|Any CPU
		{8CF329C7-7C86-481B-955A-ABBD84EC9648}.Release|Any CPU.Build.0 = Release|Any CPU
		{7216876D-A926-4809-8C1A-CF5A37254EBC}.Debug|Any CPU.ActiveCfg = Debug|Any CPU
		{7216876D-A926-4809-8C1A-CF5A37254EBC}.Debug|Any CPU.Build.0 = Debug|Any CPU
		{7216876D-A926-4809-8C1A-CF5A37254EBC}.Release|Any CPU.ActiveCfg = Release|Any CPU
		{7216876D-A926-4809-8C1A-CF5A37254EBC}.Release|Any CPU.Build.0 = Release|Any CPU
		{F6073BAF-5D9E-4A3A-A8CD-AA69E89CE707}.Debug|Any CPU.ActiveCfg = Debug|Any CPU
		{F6073BAF-5D9E-4A3A-A8CD-AA69E89CE707}.Debug|Any CPU.Build.0 = Debug|Any CPU
		{F6073BAF-5D9E-4A3A-A8CD-AA69E89CE707}.Release|Any CPU.ActiveCfg = Release|Any CPU
		{F6073BAF-5D9E-4A3A-A8CD-AA69E89CE707}.Release|Any CPU.Build.0 = Release|Any CPU
		{3C2B9BED-1ED9-4F5B-8D49-19AD5B36A40B}.Debug|Any CPU.ActiveCfg = Debug|Any CPU
		{3C2B9BED-1ED9-4F5B-8D49-19AD5B36A40B}.Debug|Any CPU.Build.0 = Debug|Any CPU
		{3C2B9BED-1ED9-4F5B-8D49-19AD5B36A40B}.Release|Any CPU.ActiveCfg = Release|Any CPU
		{3C2B9BED-1ED9-4F5B-8D49-19AD5B36A40B}.Release|Any CPU.Build.0 = Release|Any CPU
	EndGlobalSection
	GlobalSection(SolutionProperties) = preSolution
		HideSolutionNode = FALSE
	EndGlobalSection
	GlobalSection(ExtensibilityGlobals) = postSolution
		SolutionGuid = {53D82788-1F81-427C-B2E1-0BD7573056BF}
	EndGlobalSection
EndGlobal
